
Microsoft Visual Studio Solution File, Format Version 12.00
# Visual Studio Version 16
VisualStudioVersion = 16.0.32106.194
MinimumVisualStudioVersion = 10.0.40219.1
Project("{FAE04EC0-301F-11D3-BF4B-00C04F79EFBC}") = "ProjetoGen", "ProjetoGen\ProjetoGen.csproj", "{47175E34-8BBD-41ED-8E82-D4C48A393D3F}"
EndProject
Global
	GlobalSection(SolutionConfigurationPlatforms) = preSolution
		Debug|Any CPU = Debug|Any CPU
		Release|Any CPU = Release|Any CPU
	EndGlobalSection
	GlobalSection(ProjectConfigurationPlatforms) = postSolution
		{47175E34-8BBD-41ED-8E82-D4C48A393D3F}.Debug|Any CPU.ActiveCfg = Debug|Any CPU
		{47175E34-8BBD-41ED-8E82-D4C48A393D3F}.Debug|Any CPU.Build.0 = Debug|Any CPU
		{47175E34-8BBD-41ED-8E82-D4C48A393D3F}.Release|Any CPU.ActiveCfg = Release|Any CPU
		{47175E34-8BBD-41ED-8E82-D4C48A393D3F}.Release|Any CPU.Build.0 = Release|Any CPU
	EndGlobalSection
	GlobalSection(SolutionProperties) = preSolution
		HideSolutionNode = FALSE
	EndGlobalSection
	GlobalSection(ExtensibilityGlobals) = postSolution
		SolutionGuid = {28F94EE5-0DBD-4AAA-8D02-4499FFF23C5B}
	EndGlobalSection
EndGlobal
